// !$*UTF8*$!
{
	archiveVersion = 1;
	classes = {
	};
	objectVersion = 56;
	objects = {

/* Begin PBXBuildFile section */
		049CF05D2AE68365008FC7B5 /* AppDelegate.swift in Sources */ = {isa = PBXBuildFile; fileRef = 049CF05C2AE68365008FC7B5 /* AppDelegate.swift */; };
		049CF05F2AE68365008FC7B5 /* ViewController.swift in Sources */ = {isa = PBXBuildFile; fileRef = 049CF05E2AE68365008FC7B5 /* ViewController.swift */; };
		049CF0612AE68365008FC7B5 /* Assets.xcassets in Resources */ = {isa = PBXBuildFile; fileRef = 049CF0602AE68365008FC7B5 /* Assets.xcassets */; };
		049CF0642AE68365008FC7B5 /* Main.storyboard in Resources */ = {isa = PBXBuildFile; fileRef = 049CF0622AE68365008FC7B5 /* Main.storyboard */; };
		049CF06C2AE68C89008FC7B5 /* LineNumberRulerView.swift in Sources */ = {isa = PBXBuildFile; fileRef = 049CF06B2AE68C89008FC7B5 /* LineNumberRulerView.swift */; };
		049CF06E2AE68CBB008FC7B5 /* NSTextViewEx.swift in Sources */ = {isa = PBXBuildFile; fileRef = 049CF06D2AE68CBB008FC7B5 /* NSTextViewEx.swift */; };
		E1300B739211EF887D0440A6 /* Pods_DocSwiftModel.framework in Frameworks */ = {isa = PBXBuildFile; fileRef = F842DFF69AA360442F9FFCEA /* Pods_DocSwiftModel.framework */; };
/* End PBXBuildFile section */

/* Begin PBXFileReference section */
		049CF0592AE68365008FC7B5 /* DocSwiftModel.app */ = {isa = PBXFileReference; explicitFileType = wrapper.application; includeInIndex = 0; path = DocSwiftModel.app; sourceTree = BUILT_PRODUCTS_DIR; };
		049CF05C2AE68365008FC7B5 /* AppDelegate.swift */ = {isa = PBXFileReference; lastKnownFileType = sourcecode.swift; path = AppDelegate.swift; sourceTree = "<group>"; };
		049CF05E2AE68365008FC7B5 /* ViewController.swift */ = {isa = PBXFileReference; lastKnownFileType = sourcecode.swift; path = ViewController.swift; sourceTree = "<group>"; };
		049CF0602AE68365008FC7B5 /* Assets.xcassets */ = {isa = PBXFileReference; lastKnownFileType = folder.assetcatalog; path = Assets.xcassets; sourceTree = "<group>"; };
		049CF0632AE68365008FC7B5 /* Base */ = {isa = PBXFileReference; lastKnownFileType = file.storyboard; name = Base; path = Base.lproj/Main.storyboard; sourceTree = "<group>"; };
		049CF0652AE68365008FC7B5 /* DocSwiftModel.entitlements */ = {isa = PBXFileReference; lastKnownFileType = text.plist.entitlements; path = DocSwiftModel.entitlements; sourceTree = "<group>"; };
		049CF06B2AE68C89008FC7B5 /* LineNumberRulerView.swift */ = {isa = PBXFileReference; lastKnownFileType = sourcecode.swift; path = LineNumberRulerView.swift; sourceTree = "<group>"; };
		049CF06D2AE68CBB008FC7B5 /* NSTextViewEx.swift */ = {isa = PBXFileReference; lastKnownFileType = sourcecode.swift; path = NSTextViewEx.swift; sourceTree = "<group>"; };
		B26EDDD93DA9C8657195BA9E /* Pods-DocSwiftModel.debug.xcconfig */ = {isa = PBXFileReference; includeInIndex = 1; lastKnownFileType = text.xcconfig; name = "Pods-DocSwiftModel.debug.xcconfig"; path = "Target Support Files/Pods-DocSwiftModel/Pods-DocSwiftModel.debug.xcconfig"; sourceTree = "<group>"; };
		D7A3A0F0C0AB24FC522FE248 /* Pods-DocSwiftModel.release.xcconfig */ = {isa = PBXFileReference; includeInIndex = 1; lastKnownFileType = text.xcconfig; name = "Pods-DocSwiftModel.release.xcconfig"; path = "Target Support Files/Pods-DocSwiftModel/Pods-DocSwiftModel.release.xcconfig"; sourceTree = "<group>"; };
		F842DFF69AA360442F9FFCEA /* Pods_DocSwiftModel.framework */ = {isa = PBXFileReference; explicitFileType = wrapper.framework; includeInIndex = 0; path = Pods_DocSwiftModel.framework; sourceTree = BUILT_PRODUCTS_DIR; };
/* End PBXFileReference section */

/* Begin PBXFrameworksBuildPhase section */
		049CF0562AE68365008FC7B5 /* Frameworks */ = {
			isa = PBXFrameworksBuildPhase;
			buildActionMask = 2147483647;
			files = (
				E1300B739211EF887D0440A6 /* Pods_DocSwiftModel.framework in Frameworks */,
			);
			runOnlyForDeploymentPostprocessing = 0;
		};
/* End PBXFrameworksBuildPhase section */

/* Begin PBXGroup section */
		049CF0502AE68365008FC7B5 = {
			isa = PBXGroup;
			children = (
				049CF05B2AE68365008FC7B5 /* DocSwiftModel */,
				049CF05A2AE68365008FC7B5 /* Products */,
				CAAB2EFF7AF02CFD9F77EA51 /* Pods */,
				41BEE928E8573B186F6F3D20 /* Frameworks */,
			);
			sourceTree = "<group>";
		};
		049CF05A2AE68365008FC7B5 /* Products */ = {
			isa = PBXGroup;
			children = (
				049CF0592AE68365008FC7B5 /* DocSwiftModel.app */,
			);
			name = Products;
			sourceTree = "<group>";
		};
		049CF05B2AE68365008FC7B5 /* DocSwiftModel */ = {
			isa = PBXGroup;
			children = (
				049CF05C2AE68365008FC7B5 /* AppDelegate.swift */,
				049CF05E2AE68365008FC7B5 /* ViewController.swift */,
				049CF06D2AE68CBB008FC7B5 /* NSTextViewEx.swift */,
				049CF06B2AE68C89008FC7B5 /* LineNumberRulerView.swift */,
				049CF0602AE68365008FC7B5 /* Assets.xcassets */,
				049CF0622AE68365008FC7B5 /* Main.storyboard */,
				049CF0652AE68365008FC7B5 /* DocSwiftModel.entitlements */,
			);
			path = DocSwiftModel;
			sourceTree = "<group>";
		};
		41BEE928E8573B186F6F3D20 /* Frameworks */ = {
			isa = PBXGroup;
			children = (
				F842DFF69AA360442F9FFCEA /* Pods_DocSwiftModel.framework */,
			);
			name = Frameworks;
			sourceTree = "<group>";
		};
		CAAB2EFF7AF02CFD9F77EA51 /* Pods */ = {
			isa = PBXGroup;
			children = (
				B26EDDD93DA9C8657195BA9E /* Pods-DocSwiftModel.debug.xcconfig */,
				D7A3A0F0C0AB24FC522FE248 /* Pods-DocSwiftModel.release.xcconfig */,
			);
			name = Pods;
			path = Pods;
			sourceTree = "<group>";
		};
/* End PBXGroup section */

/* Begin PBXNativeTarget section */
		049CF0582AE68365008FC7B5 /* DocSwiftModel */ = {
			isa = PBXNativeTarget;
			buildConfigurationList = 049CF0682AE68365008FC7B5 /* Build configuration list for PBXNativeTarget "DocSwiftModel" */;
			buildPhases = (
				BF4D5B30B22EEE3B70464FEF /* [CP] Check Pods Manifest.lock */,
				049CF0552AE68365008FC7B5 /* Sources */,
				049CF0562AE68365008FC7B5 /* Frameworks */,
				049CF0572AE68365008FC7B5 /* Resources */,
				DCDC1301C871FFF446DEAE64 /* [CP] Embed Pods Frameworks */,
			);
			buildRules = (
			);
			dependencies = (
			);
			name = DocSwiftModel;
			productName = DocSwiftModel;
			productReference = 049CF0592AE68365008FC7B5 /* DocSwiftModel.app */;
			productType = "com.apple.product-type.application";
		};
/* End PBXNativeTarget section */

/* Begin PBXProject section */
		049CF0512AE68365008FC7B5 /* Project object */ = {
			isa = PBXProject;
			attributes = {
				BuildIndependentTargetsInParallel = 1;
				LastSwiftUpdateCheck = 1430;
				LastUpgradeCheck = 1430;
				TargetAttributes = {
					049CF0582AE68365008FC7B5 = {
						CreatedOnToolsVersion = 14.3.1;
					};
				};
			};
			buildConfigurationList = 049CF0542AE68365008FC7B5 /* Build configuration list for PBXProject "DocSwiftModel" */;
			compatibilityVersion = "Xcode 14.0";
			developmentRegion = en;
			hasScannedForEncodings = 0;
			knownRegions = (
				en,
				Base,
			);
			mainGroup = 049CF0502AE68365008FC7B5;
			productRefGroup = 049CF0502AE68365008FC7B5;
			projectDirPath = "";
			projectRoot = "";
			targets = (
				049CF0582AE68365008FC7B5 /* DocSwiftModel */,
			);
		};
/* End PBXProject section */

/* Begin PBXResourcesBuildPhase section */
		049CF0572AE68365008FC7B5 /* Resources */ = {
			isa = PBXResourcesBuildPhase;
			buildActionMask = 2147483647;
			files = (
				049CF0612AE68365008FC7B5 /* Assets.xcassets in Resources */,
				049CF0642AE68365008FC7B5 /* Main.storyboard in Resources */,
			);
			runOnlyForDeploymentPostprocessing = 0;
		};
/* End PBXResourcesBuildPhase section */

/* Begin PBXShellScriptBuildPhase section */
		BF4D5B30B22EEE3B70464FEF /* [CP] Check Pods Manifest.lock */ = {
			isa = PBXShellScriptBuildPhase;
			buildActionMask = 2147483647;
			files = (
			);
			inputFileListPaths = (
			);
			inputPaths = (
				"${PODS_PODFILE_DIR_PATH}/Podfile.lock",
				"${PODS_ROOT}/Manifest.lock",
			);
			name = "[CP] Check Pods Manifest.lock";
			outputFileListPaths = (
			);
			outputPaths = (
				"$(DERIVED_FILE_DIR)/Pods-DocSwiftModel-checkManifestLockResult.txt",
			);
			runOnlyForDeploymentPostprocessing = 0;
			shellPath = /bin/sh;
			shellScript = "diff \"${PODS_PODFILE_DIR_PATH}/Podfile.lock\" \"${PODS_ROOT}/Manifest.lock\" > /dev/null\nif [ $? != 0 ] ; then\n    # print error to STDERR\n    echo \"error: The sandbox is not in sync with the Podfile.lock. Run 'pod install' or update your CocoaPods installation.\" >&2\n    exit 1\nfi\n# This output is used by Xcode 'outputs' to avoid re-running this script phase.\necho \"SUCCESS\" > \"${SCRIPT_OUTPUT_FILE_0}\"\n";
			showEnvVarsInLog = 0;
		};
		DCDC1301C871FFF446DEAE64 /* [CP] Embed Pods Frameworks */ = {
			isa = PBXShellScriptBuildPhase;
			buildActionMask = 2147483647;
			files = (
			);
			inputFileListPaths = (
				"${PODS_ROOT}/Target Support Files/Pods-DocSwiftModel/Pods-DocSwiftModel-frameworks-${CONFIGURATION}-input-files.xcfilelist",
			);
			name = "[CP] Embed Pods Frameworks";
			outputFileListPaths = (
				"${PODS_ROOT}/Target Support Files/Pods-DocSwiftModel/Pods-DocSwiftModel-frameworks-${CONFIGURATION}-output-files.xcfilelist",
			);
			runOnlyForDeploymentPostprocessing = 0;
			shellPath = /bin/sh;
			shellScript = "\"${PODS_ROOT}/Target Support Files/Pods-DocSwiftModel/Pods-DocSwiftModel-frameworks.sh\"\n";
			showEnvVarsInLog = 0;
		};
/* End PBXShellScriptBuildPhase section */

/* Begin PBXSourcesBuildPhase section */
		049CF0552AE68365008FC7B5 /* Sources */ = {
			isa = PBXSourcesBuildPhase;
			buildActionMask = 2147483647;
			files = (
				049CF06C2AE68C89008FC7B5 /* LineNumberRulerView.swift in Sources */,
				049CF05F2AE68365008FC7B5 /* ViewController.swift in Sources */,
				049CF05D2AE68365008FC7B5 /* AppDelegate.swift in Sources */,
				049CF06E2AE68CBB008FC7B5 /* NSTextViewEx.swift in Sources */,
			);
			runOnlyForDeploymentPostprocessing = 0;
		};
/* End PBXSourcesBuildPhase section */

/* Begin PBXVariantGroup section */
		049CF0622AE68365008FC7B5 /* Main.storyboard */ = {
			isa = PBXVariantGroup;
			children = (
				049CF0632AE68365008FC7B5 /* Base */,
			);
			name = Main.storyboard;
			sourceTree = "<group>";
		};
/* End PBXVariantGroup section */

/* Begin XCBuildConfiguration section */
		049CF0662AE68365008FC7B5 /* Debug */ = {
			isa = XCBuildConfiguration;
			buildSettings = {
				ALWAYS_SEARCH_USER_PATHS = NO;
				CLANG_ANALYZER_NONNULL = YES;
				CLANG_ANALYZER_NUMBER_OBJECT_CONVERSION = YES_AGGRESSIVE;
				CLANG_CXX_LANGUAGE_STANDARD = "gnu++20";
				CLANG_ENABLE_MODULES = YES;
				CLANG_ENABLE_OBJC_ARC = YES;
				CLANG_ENABLE_OBJC_WEAK = YES;
				CLANG_WARN_BLOCK_CAPTURE_AUTORELEASING = YES;
				CLANG_WARN_BOOL_CONVERSION = YES;
				CLANG_WARN_COMMA = YES;
				CLANG_WARN_CONSTANT_CONVERSION = YES;
				CLANG_WARN_DEPRECATED_OBJC_IMPLEMENTATIONS = YES;
				CLANG_WARN_DIRECT_OBJC_ISA_USAGE = YES_ERROR;
				CLANG_WARN_DOCUMENTATION_COMMENTS = YES;
				CLANG_WARN_EMPTY_BODY = YES;
				CLANG_WARN_ENUM_CONVERSION = YES;
				CLANG_WARN_INFINITE_RECURSION = YES;
				CLANG_WARN_INT_CONVERSION = YES;
				CLANG_WARN_NON_LITERAL_NULL_CONVERSION = YES;
				CLANG_WARN_OBJC_IMPLICIT_RETAIN_SELF = YES;
				CLANG_WARN_OBJC_LITERAL_CONVERSION = YES;
				CLANG_WARN_OBJC_ROOT_CLASS = YES_ERROR;
				CLANG_WARN_QUOTED_INCLUDE_IN_FRAMEWORK_HEADER = YES;
				CLANG_WARN_RANGE_LOOP_ANALYSIS = YES;
				CLANG_WARN_STRICT_PROTOTYPES = YES;
				CLANG_WARN_SUSPICIOUS_MOVE = YES;
				CLANG_WARN_UNGUARDED_AVAILABILITY = YES_AGGRESSIVE;
				CLANG_WARN_UNREACHABLE_CODE = YES;
				CLANG_WARN__DUPLICATE_METHOD_MATCH = YES;
				COPY_PHASE_STRIP = NO;
				DEBUG_INFORMATION_FORMAT = dwarf;
				ENABLE_STRICT_OBJC_MSGSEND = YES;
				ENABLE_TESTABILITY = YES;
				GCC_C_LANGUAGE_STANDARD = gnu11;
				GCC_DYNAMIC_NO_PIC = NO;
				GCC_NO_COMMON_BLOCKS = YES;
				GCC_OPTIMIZATION_LEVEL = 0;
				GCC_PREPROCESSOR_DEFINITIONS = (
					"DEBUG=1",
					"$(inherited)",
				);
				GCC_WARN_64_TO_32_BIT_CONVERSION = YES;
				GCC_WARN_ABOUT_RETURN_TYPE = YES_ERROR;
				GCC_WARN_UNDECLARED_SELECTOR = YES;
				GCC_WARN_UNINITIALIZED_AUTOS = YES_AGGRESSIVE;
				GCC_WARN_UNUSED_FUNCTION = YES;
				GCC_WARN_UNUSED_VARIABLE = YES;
				MACOSX_DEPLOYMENT_TARGET = 13.1;
				MTL_ENABLE_DEBUG_INFO = INCLUDE_SOURCE;
				MTL_FAST_MATH = YES;
				ONLY_ACTIVE_ARCH = YES;
				SDKROOT = macosx;
				SWIFT_ACTIVE_COMPILATION_CONDITIONS = DEBUG;
				SWIFT_OPTIMIZATION_LEVEL = "-Onone";
			};
			name = Debug;
		};
		049CF0672AE68365008FC7B5 /* Release */ = {
			isa = XCBuildConfiguration;
			buildSettings = {
				ALWAYS_SEARCH_USER_PATHS = NO;
				CLANG_ANALYZER_NONNULL = YES;
				CLANG_ANALYZER_NUMBER_OBJECT_CONVERSION = YES_AGGRESSIVE;
				CLANG_CXX_LANGUAGE_STANDARD = "gnu++20";
				CLANG_ENABLE_MODULES = YES;
				CLANG_ENABLE_OBJC_ARC = YES;
				CLANG_ENABLE_OBJC_WEAK = YES;
				CLANG_WARN_BLOCK_CAPTURE_AUTORELEASING = YES;
				CLANG_WARN_BOOL_CONVERSION = YES;
				CLANG_WARN_COMMA = YES;
				CLANG_WARN_CONSTANT_CONVERSION = YES;
				CLANG_WARN_DEPRECATED_OBJC_IMPLEMENTATIONS = YES;
				CLANG_WARN_DIRECT_OBJC_ISA_USAGE = YES_ERROR;
				CLANG_WARN_DOCUMENTATION_COMMENTS = YES;
				CLANG_WARN_EMPTY_BODY = YES;
				CLANG_WARN_ENUM_CONVERSION = YES;
				CLANG_WARN_INFINITE_RECURSION = YES;
				CLANG_WARN_INT_CONVERSION = YES;
				CLANG_WARN_NON_LITERAL_NULL_CONVERSION = YES;
				CLANG_WARN_OBJC_IMPLICIT_RETAIN_SELF = YES;
				CLANG_WARN_OBJC_LITERAL_CONVERSION = YES;
				CLANG_WARN_OBJC_ROOT_CLASS = YES_ERROR;
				CLANG_WARN_QUOTED_INCLUDE_IN_FRAMEWORK_HEADER = YES;
				CLANG_WARN_RANGE_LOOP_ANALYSIS = YES;
				CLANG_WARN_STRICT_PROTOTYPES = YES;
				CLANG_WARN_SUSPICIOUS_MOVE = YES;
				CLANG_WARN_UNGUARDED_AVAILABILITY = YES_AGGRESSIVE;
				CLANG_WARN_UNREACHABLE_CODE = YES;
				CLANG_WARN__DUPLICATE_METHOD_MATCH = YES;
				COPY_PHASE_STRIP = NO;
				DEBUG_INFORMATION_FORMAT = "dwarf-with-dsym";
				ENABLE_NS_ASSERTIONS = NO;
				ENABLE_STRICT_OBJC_MSGSEND = YES;
				GCC_C_LANGUAGE_STANDARD = gnu11;
				GCC_NO_COMMON_BLOCKS = YES;
				GCC_WARN_64_TO_32_BIT_CONVERSION = YES;
				GCC_WARN_ABOUT_RETURN_TYPE = YES_ERROR;
				GCC_WARN_UNDECLARED_SELECTOR = YES;
				GCC_WARN_UNINITIALIZED_AUTOS = YES_AGGRESSIVE;
				GCC_WARN_UNUSED_FUNCTION = YES;
				GCC_WARN_UNUSED_VARIABLE = YES;
				MACOSX_DEPLOYMENT_TARGET = 13.1;
				MTL_ENABLE_DEBUG_INFO = NO;
				MTL_FAST_MATH = YES;
				SDKROOT = macosx;
				SWIFT_COMPILATION_MODE = wholemodule;
				SWIFT_OPTIMIZATION_LEVEL = "-O";
			};
			name = Release;
		};
		049CF0692AE68365008FC7B5 /* Debug */ = {
			isa = XCBuildConfiguration;
			baseConfigurationReference = B26EDDD93DA9C8657195BA9E /* Pods-DocSwiftModel.debug.xcconfig */;
			buildSettings = {
				ASSETCATALOG_COMPILER_APPICON_NAME = AppIcon;
				ASSETCATALOG_COMPILER_GLOBAL_ACCENT_COLOR_NAME = AccentColor;
				CODE_SIGN_ENTITLEMENTS = DocSwiftModel/DocSwiftModel.entitlements;
				CODE_SIGN_STYLE = Automatic;
				COMBINE_HIDPI_IMAGES = YES;
				CURRENT_PROJECT_VERSION = 1;
				GENERATE_INFOPLIST_FILE = YES;
				INFOPLIST_KEY_NSHumanReadableCopyright = "";
				INFOPLIST_KEY_NSMainStoryboardFile = Main;
				INFOPLIST_KEY_NSPrincipalClass = NSApplication;
				LD_RUNPATH_SEARCH_PATHS = (
					"$(inherited)",
					"@executable_path/../Frameworks",
				);
				MARKETING_VERSION = 1.0;
				PRODUCT_BUNDLE_IDENTIFIER = com.example.drawTest.DocSwiftModel;
				PRODUCT_NAME = "$(TARGET_NAME)";
				SWIFT_EMIT_LOC_STRINGS = YES;
				SWIFT_VERSION = 5.0;
			};
			name = Debug;
		};
		049CF06A2AE68365008FC7B5 /* Release */ = {
			isa = XCBuildConfiguration;
			baseConfigurationReference = D7A3A0F0C0AB24FC522FE248 /* Pods-DocSwiftModel.release.xcconfig */;
			buildSettings = {
				ASSETCATALOG_COMPILER_APPICON_NAME = AppIcon;
				ASSETCATALOG_COMPILER_GLOBAL_ACCENT_COLOR_NAME = AccentColor;
				CODE_SIGN_ENTITLEMENTS = DocSwiftModel/DocSwiftModel.entitlements;
				CODE_SIGN_STYLE = Automatic;
				COMBINE_HIDPI_IMAGES = YES;
				CURRENT_PROJECT_VERSION = 1;
				GENERATE_INFOPLIST_FILE = YES;
				INFOPLIST_KEY_NSHumanReadableCopyright = "";
				INFOPLIST_KEY_NSMainStoryboardFile = Main;
				INFOPLIST_KEY_NSPrincipalClass = NSApplication;
				LD_RUNPATH_SEARCH_PATHS = (
					"$(inherited)",
					"@executable_path/../Frameworks",
				);
				MARKETING_VERSION = 1.0;
				PRODUCT_BUNDLE_IDENTIFIER = com.example.drawTest.DocSwiftModel;
				PRODUCT_NAME = "$(TARGET_NAME)";
				SWIFT_EMIT_LOC_STRINGS = YES;
				SWIFT_VERSION = 5.0;
			};
			name = Release;
		};
/* End XCBuildConfiguration section */

/* Begin XCConfigurationList section */
		049CF0542AE68365008FC7B5 /* Build configuration list for PBXProject "DocSwiftModel" */ = {
			isa = XCConfigurationList;
			buildConfigurations = (
				049CF0662AE68365008FC7B5 /* Debug */,
				049CF0672AE68365008FC7B5 /* Release */,
			);
			defaultConfigurationIsVisible = 0;
			defaultConfigurationName = Release;
		};
		049CF0682AE68365008FC7B5 /* Build configuration list for PBXNativeTarget "DocSwiftModel" */ = {
			isa = XCConfigurationList;
			buildConfigurations = (
				049CF0692AE68365008FC7B5 /* Debug */,
				049CF06A2AE68365008FC7B5 /* Release */,
			);
			defaultConfigurationIsVisible = 0;
			defaultConfigurationName = Release;
		};
/* End XCConfigurationList section */
	};
	rootObject = 049CF0512AE68365008FC7B5 /* Project object */;
}
